
Microsoft Visual Studio Solution File, Format Version 12.00
# Visual Studio Version 17
VisualStudioVersion = 17.11.35303.130
MinimumVisualStudioVersion = 10.0.40219.1
Project("{2150E333-8FDC-42A3-9474-1A3956D46DE8}") = "Task0", "Task0", "{A4F58A40-64E7-4AFF-9093-2A5226FFABFA}"
EndProject
Project("{FAE04EC0-301F-11D3-BF4B-00C04F79EFBC}") = "Tyuiu.mohamed.Sprint1.Task0.V20", "Tyuiu.mohamed.Sprint1.Task0.V20\Tyuiu.mohamed.Sprint1.Task0.V20.csproj", "{32CF8585-413E-43D4-AB67-8E03B4A2CF8A}"
EndProject
Project("{FAE04EC0-301F-11D3-BF4B-00C04F79EFBC}") = "Tyuiu.mohamed.Sprint1.Task0.V20.Test", "Tyuiu.mohamed.Sprint1.Task0.V20.Test\Tyuiu.mohamed.Sprint1.Task0.V20.Test.csproj", "{4B2D54EC-1488-4BD7-B3A5-35C3E4166A0F}"
EndProject
Project("{FAE04EC0-301F-11D3-BF4B-00C04F79EFBC}") = "Tyuiu.mohamed.Sprint1.Task0.V20.Lib", "Tyuiu.mohamed.Sprint1.Task0.V20.Lib\Tyuiu.mohamed.Sprint1.Task0.V20.Lib.csproj", "{BD707E77-BCEA-4F5F-88B0-C6895705F62B}"
EndProject
Global
	GlobalSection(SolutionConfigurationPlatforms) = preSolution
		Debug|Any CPU = Debug|Any CPU
		Release|Any CPU = Release|Any CPU
	EndGlobalSection
	GlobalSection(ProjectConfigurationPlatforms) = postSolution
		{32CF8585-413E-43D4-AB67-8E03B4A2CF8A}.Debug|Any CPU.ActiveCfg = Debug|Any CPU
		{32CF8585-413E-43D4-AB67-8E03B4A2CF8A}.Debug|Any CPU.Build.0 = Debug|Any CPU
		{32CF8585-413E-43D4-AB67-8E03B4A2CF8A}.Release|Any CPU.ActiveCfg = Release|Any CPU
		{32CF8585-413E-43D4-AB67-8E03B4A2CF8A}.Release|Any CPU.Build.0 = Release|Any CPU
		{4B2D54EC-1488-4BD7-B3A5-35C3E4166A0F}.Debug|Any CPU.ActiveCfg = Debug|Any CPU
		{4B2D54EC-1488-4BD7-B3A5-35C3E4166A0F}.Debug|Any CPU.Build.0 = Debug|Any CPU
		{4B2D54EC-1488-4BD7-B3A5-35C3E4166A0F}.Release|Any CPU.ActiveCfg = Release|Any CPU
		{4B2D54EC-1488-4BD7-B3A5-35C3E4166A0F}.Release|Any CPU.Build.0 = Release|Any CPU
		{BD707E77-BCEA-4F5F-88B0-C6895705F62B}.Debug|Any CPU.ActiveCfg = Debug|Any CPU
		{BD707E77-BCEA-4F5F-88B0-C6895705F62B}.Debug|Any CPU.Build.0 = Debug|Any CPU
		{BD707E77-BCEA-4F5F-88B0-C6895705F62B}.Release|Any CPU.ActiveCfg = Release|Any CPU
		{BD707E77-BCEA-4F5F-88B0-C6895705F62B}.Release|Any CPU.Build.0 = Release|Any CPU
	EndGlobalSection
	GlobalSection(SolutionProperties) = preSolution
		HideSolutionNode = FALSE
	EndGlobalSection
	GlobalSection(NestedProjects) = preSolution
		{32CF8585-413E-43D4-AB67-8E03B4A2CF8A} = {A4F58A40-64E7-4AFF-9093-2A5226FFABFA}
		{4B2D54EC-1488-4BD7-B3A5-35C3E4166A0F} = {A4F58A40-64E7-4AFF-9093-2A5226FFABFA}
		{BD707E77-BCEA-4F5F-88B0-C6895705F62B} = {A4F58A40-64E7-4AFF-9093-2A5226FFABFA}
	EndGlobalSection
	GlobalSection(ExtensibilityGlobals) = postSolution
		SolutionGuid = {83459F16-8E8B-4C8C-8C5F-C7FA2EF8E691}
	EndGlobalSection
EndGlobal
